# This file is automatically @generated by Cargo.
# It is not intended for manual editing.
version = 3

[[package]]
name = "anyhow"
version = "1.0.89"
source = "registry+https://github.com/rust-lang/crates.io-index"
checksum = "86fdf8605db99b54d3cd748a44c6d04df638eb5dafb219b135d0149bd0db01f6"

[[package]]
name = "genpsf"
version = "0.1.0"
dependencies = [
 "anyhow",
]
